
Microsoft Visual Studio Solution File, Format Version 12.00
# Visual Studio Version 16
VisualStudioVersion = 16.0.30011.22
MinimumVisualStudioVersion = 10.0.40219.1
Project("{FAE04EC0-301F-11D3-BF4B-00C04F79EFBC}") = "VendingMachine_MateuszJarząbek", "VendingMachine_MateuszJarząbek\VendingMachine_MateuszJarząbek.csproj", "{6E9FCADE-500C-4335-8991-8E2F20DCF0AF}"
EndProject
Global
	GlobalSection(SolutionConfigurationPlatforms) = preSolution
		Debug|Any CPU = Debug|Any CPU
		Release|Any CPU = Release|Any CPU
	EndGlobalSection
	GlobalSection(ProjectConfigurationPlatforms) = postSolution
		{6E9FCADE-500C-4335-8991-8E2F20DCF0AF}.Debug|Any CPU.ActiveCfg = Debug|Any CPU
		{6E9FCADE-500C-4335-8991-8E2F20DCF0AF}.Debug|Any CPU.Build.0 = Debug|Any CPU
		{6E9FCADE-500C-4335-8991-8E2F20DCF0AF}.Release|Any CPU.ActiveCfg = Release|Any CPU
		{6E9FCADE-500C-4335-8991-8E2F20DCF0AF}.Release|Any CPU.Build.0 = Release|Any CPU
	EndGlobalSection
	GlobalSection(SolutionProperties) = preSolution
		HideSolutionNode = FALSE
	EndGlobalSection
	GlobalSection(ExtensibilityGlobals) = postSolution
		SolutionGuid = {188B1651-8DCE-4033-BC97-96BD67105782}
	EndGlobalSection
EndGlobal
